
Microsoft Visual Studio Solution File, Format Version 12.00
Project("{FAE04EC0-301F-11D3-BF4B-00C04F79EFBC}") = "CatalogMergeHost", "CatalogMergeHost\CatalogMergeHost.csproj", "{B8A1EEA4-45DB-4D8B-B967-309C0B8C31E2}"
EndProject
Project("{FAE04EC0-301F-11D3-BF4B-00C04F79EFBC}") = "CatalogMergeFeature", "CatalogMergeFeature\CatalogMergeFeature.csproj", "{AA982B01-7E83-445C-A02D-8FC02865217F}"
EndProject
Project("{FAE04EC0-301F-11D3-BF4B-00C04F79EFBC}") = "CatalogMergeTest", "CatalogMergeTest\CatalogMergeTest.csproj", "{19F22922-D3A1-4B38-A614-B72EB73132B3}"
EndProject
Global
	GlobalSection(SolutionConfigurationPlatforms) = preSolution
		Debug|Any CPU = Debug|Any CPU
		Release|Any CPU = Release|Any CPU
	EndGlobalSection
	GlobalSection(ProjectConfigurationPlatforms) = postSolution
		{B8A1EEA4-45DB-4D8B-B967-309C0B8C31E2}.Debug|Any CPU.ActiveCfg = Debug|Any CPU
		{B8A1EEA4-45DB-4D8B-B967-309C0B8C31E2}.Debug|Any CPU.Build.0 = Debug|Any CPU
		{B8A1EEA4-45DB-4D8B-B967-309C0B8C31E2}.Release|Any CPU.ActiveCfg = Release|Any CPU
		{B8A1EEA4-45DB-4D8B-B967-309C0B8C31E2}.Release|Any CPU.Build.0 = Release|Any CPU
		{B8A1EEA4-45DB-4D8B-B967-309C0B8C31E2}.Debug|Any CPU.Deploy.0 = Debug|Any CPU
		{B8A1EEA4-45DB-4D8B-B967-309C0B8C31E2}.Release|Any CPU.Deploy.0 = Release|Any CPU
		{AA982B01-7E83-445C-A02D-8FC02865217F}.Debug|Any CPU.ActiveCfg = Debug|Any CPU
		{AA982B01-7E83-445C-A02D-8FC02865217F}.Debug|Any CPU.Build.0 = Debug|Any CPU
		{AA982B01-7E83-445C-A02D-8FC02865217F}.Release|Any CPU.ActiveCfg = Release|Any CPU
		{AA982B01-7E83-445C-A02D-8FC02865217F}.Release|Any CPU.Build.0 = Release|Any CPU
		{19F22922-D3A1-4B38-A614-B72EB73132B3}.Debug|Any CPU.ActiveCfg = Debug|Any CPU
		{19F22922-D3A1-4B38-A614-B72EB73132B3}.Debug|Any CPU.Build.0 = Debug|Any CPU
		{19F22922-D3A1-4B38-A614-B72EB73132B3}.Release|Any CPU.ActiveCfg = Release|Any CPU
		{19F22922-D3A1-4B38-A614-B72EB73132B3}.Release|Any CPU.Build.0 = Release|Any CPU
	EndGlobalSection
EndGlobal
